
Microsoft Visual Studio Solution File, Format Version 12.00
# Visual Studio Version 17
VisualStudioVersion = 17.10.35122.118
MinimumVisualStudioVersion = 10.0.40219.1
Project("{FAE04EC0-301F-11D3-BF4B-00C04F79EFBC}") = "MVC", "MVC\MVC.csproj", "{0826FC18-9383-4A68-82B5-5BDB82946DEF}"
EndProject
Global
	GlobalSection(SolutionConfigurationPlatforms) = preSolution
		Debug|Any CPU = Debug|Any CPU
		Release|Any CPU = Release|Any CPU
	EndGlobalSection
	GlobalSection(ProjectConfigurationPlatforms) = postSolution
		{0826FC18-9383-4A68-82B5-5BDB82946DEF}.Debug|Any CPU.ActiveCfg = Debug|Any CPU
		{0826FC18-9383-4A68-82B5-5BDB82946DEF}.Debug|Any CPU.Build.0 = Debug|Any CPU
		{0826FC18-9383-4A68-82B5-5BDB82946DEF}.Release|Any CPU.ActiveCfg = Release|Any CPU
		{0826FC18-9383-4A68-82B5-5BDB82946DEF}.Release|Any CPU.Build.0 = Release|Any CPU
	EndGlobalSection
	GlobalSection(SolutionProperties) = preSolution
		HideSolutionNode = FALSE
	EndGlobalSection
	GlobalSection(ExtensibilityGlobals) = postSolution
		SolutionGuid = {7C769A1D-CCBB-4793-91E2-E8C13E2C27D5}
	EndGlobalSection
EndGlobal
